
Microsoft Visual Studio Solution File, Format Version 12.00
# Visual Studio 15
VisualStudioVersion = 15.0.28307.329
MinimumVisualStudioVersion = 10.0.40219.1
Project("{FAE04EC0-301F-11D3-BF4B-00C04F79EFBC}") = "DesktopRestorer", "..\DesktopRestorer\DesktopRestorer.csproj", "{7D26B012-0E8D-40C2-BD6A-1A75791272BE}"
EndProject
Global
	GlobalSection(SolutionConfigurationPlatforms) = preSolution
		Debug|Any CPU = Debug|Any CPU
		Debug|ARM = Debug|ARM
		Debug|ARM64 = Debug|ARM64
		Debug|x64 = Debug|x64
		Debug|x86 = Debug|x86
		Release|Any CPU = Release|Any CPU
		Release|ARM = Release|ARM
		Release|ARM64 = Release|ARM64
		Release|x64 = Release|x64
		Release|x86 = Release|x86
	EndGlobalSection
	GlobalSection(ProjectConfigurationPlatforms) = postSolution
		{7D26B012-0E8D-40C2-BD6A-1A75791272BE}.Debug|Any CPU.ActiveCfg = Debug|Any CPU
		{7D26B012-0E8D-40C2-BD6A-1A75791272BE}.Debug|Any CPU.Build.0 = Debug|Any CPU
		{7D26B012-0E8D-40C2-BD6A-1A75791272BE}.Debug|ARM.ActiveCfg = Debug|Any CPU
		{7D26B012-0E8D-40C2-BD6A-1A75791272BE}.Debug|ARM.Build.0 = Debug|Any CPU
		{7D26B012-0E8D-40C2-BD6A-1A75791272BE}.Debug|ARM64.ActiveCfg = Debug|Any CPU
		{7D26B012-0E8D-40C2-BD6A-1A75791272BE}.Debug|ARM64.Build.0 = Debug|Any CPU
		{7D26B012-0E8D-40C2-BD6A-1A75791272BE}.Debug|x64.ActiveCfg = Debug|Any CPU
		{7D26B012-0E8D-40C2-BD6A-1A75791272BE}.Debug|x64.Build.0 = Debug|Any CPU
		{7D26B012-0E8D-40C2-BD6A-1A75791272BE}.Debug|x86.ActiveCfg = Debug|Any CPU
		{7D26B012-0E8D-40C2-BD6A-1A75791272BE}.Debug|x86.Build.0 = Debug|Any CPU
		{7D26B012-0E8D-40C2-BD6A-1A75791272BE}.Release|Any CPU.ActiveCfg = Release|Any CPU
		{7D26B012-0E8D-40C2-BD6A-1A75791272BE}.Release|Any CPU.Build.0 = Release|Any CPU
		{7D26B012-0E8D-40C2-BD6A-1A75791272BE}.Release|ARM.ActiveCfg = Release|Any CPU
		{7D26B012-0E8D-40C2-BD6A-1A75791272BE}.Release|ARM.Build.0 = Release|Any CPU
		{7D26B012-0E8D-40C2-BD6A-1A75791272BE}.Release|ARM64.ActiveCfg = Release|Any CPU
		{7D26B012-0E8D-40C2-BD6A-1A75791272BE}.Release|ARM64.Build.0 = Release|Any CPU
		{7D26B012-0E8D-40C2-BD6A-1A75791272BE}.Release|x64.ActiveCfg = Release|Any CPU
		{7D26B012-0E8D-40C2-BD6A-1A75791272BE}.Release|x64.Build.0 = Release|Any CPU
		{7D26B012-0E8D-40C2-BD6A-1A75791272BE}.Release|x86.ActiveCfg = Release|Any CPU
		{7D26B012-0E8D-40C2-BD6A-1A75791272BE}.Release|x86.Build.0 = Release|Any CPU
	EndGlobalSection
	GlobalSection(SolutionProperties) = preSolution
		HideSolutionNode = FALSE
	EndGlobalSection
	GlobalSection(ExtensibilityGlobals) = postSolution
		SolutionGuid = {A9033A9D-750C-4DB7-9DF1-45327A1C2E47}
	EndGlobalSection
EndGlobal
